
Microsoft Visual Studio Solution File, Format Version 12.00
# Visual Studio Version 16
VisualStudioVersion = 16.0.36107.64
MinimumVisualStudioVersion = 10.0.40219.1
Project("{FAE04EC0-301F-11D3-BF4B-00C04F79EFBC}") = "WordTemplateFilling-MVC", "WordTemplateFilling-MVC\WordTemplateFilling-MVC.csproj", "{0B638D0B-52B9-43D3-B435-98F42A5ED0C2}"
EndProject
Global
	GlobalSection(SolutionConfigurationPlatforms) = preSolution
		Debug|Any CPU = Debug|Any CPU
		Release|Any CPU = Release|Any CPU
	EndGlobalSection
	GlobalSection(ProjectConfigurationPlatforms) = postSolution
		{0B638D0B-52B9-43D3-B435-98F42A5ED0C2}.Debug|Any CPU.ActiveCfg = Debug|Any CPU
		{0B638D0B-52B9-43D3-B435-98F42A5ED0C2}.Debug|Any CPU.Build.0 = Debug|Any CPU
		{0B638D0B-52B9-43D3-B435-98F42A5ED0C2}.Release|Any CPU.ActiveCfg = Release|Any CPU
		{0B638D0B-52B9-43D3-B435-98F42A5ED0C2}.Release|Any CPU.Build.0 = Release|Any CPU
	EndGlobalSection
	GlobalSection(SolutionProperties) = preSolution
		HideSolutionNode = FALSE
	EndGlobalSection
	GlobalSection(ExtensibilityGlobals) = postSolution
		SolutionGuid = {1F47560D-8EF8-4896-9159-834116F6F582}
	EndGlobalSection
EndGlobal
